
Microsoft Visual Studio Solution File, Format Version 12.00
# Visual Studio Version 17
VisualStudioVersion = 17.11.35327.3
MinimumVisualStudioVersion = 10.0.40219.1
Project("{FAE04EC0-301F-11D3-BF4B-00C04F79EFBC}") = "ArmedBooks.Web", "ArmedBooks.Web\ArmedBooks.Web.csproj", "{91C7A607-8653-4DF7-941F-B0CC6201CD1D}"
EndProject
Project("{FAE04EC0-301F-11D3-BF4B-00C04F79EFBC}") = "ArmedBooks.Domain", "ArmedBooks.Domain\ArmedBooks.Domain.csproj", "{CCC4868C-EAC8-47FD-B3B8-CAD9095D5480}"
EndProject
Project("{FAE04EC0-301F-11D3-BF4B-00C04F79EFBC}") = "ArmedBooks.BBL", "ArmedBooks.BBL\ArmedBooks.BBL.csproj", "{F1B62A8F-FD2A-40E4-904B-2C936455347A}"
EndProject
Project("{FAE04EC0-301F-11D3-BF4B-00C04F79EFBC}") = "ArmedBooks.DAL", "ArmedBooks.DAL\ArmedBooks.DAL.csproj", "{26C66FB0-FC8F-4AE3-9853-A1A7FF04590B}"
EndProject
Global
	GlobalSection(SolutionConfigurationPlatforms) = preSolution
		Debug|Any CPU = Debug|Any CPU
		Release|Any CPU = Release|Any CPU
	EndGlobalSection
	GlobalSection(ProjectConfigurationPlatforms) = postSolution
		{91C7A607-8653-4DF7-941F-B0CC6201CD1D}.Debug|Any CPU.ActiveCfg = Debug|Any CPU
		{91C7A607-8653-4DF7-941F-B0CC6201CD1D}.Debug|Any CPU.Build.0 = Debug|Any CPU
		{91C7A607-8653-4DF7-941F-B0CC6201CD1D}.Release|Any CPU.ActiveCfg = Release|Any CPU
		{91C7A607-8653-4DF7-941F-B0CC6201CD1D}.Release|Any CPU.Build.0 = Release|Any CPU
		{CCC4868C-EAC8-47FD-B3B8-CAD9095D5480}.Debug|Any CPU.ActiveCfg = Debug|Any CPU
		{CCC4868C-EAC8-47FD-B3B8-CAD9095D5480}.Debug|Any CPU.Build.0 = Debug|Any CPU
		{CCC4868C-EAC8-47FD-B3B8-CAD9095D5480}.Release|Any CPU.ActiveCfg = Release|Any CPU
		{CCC4868C-EAC8-47FD-B3B8-CAD9095D5480}.Release|Any CPU.Build.0 = Release|Any CPU
		{F1B62A8F-FD2A-40E4-904B-2C936455347A}.Debug|Any CPU.ActiveCfg = Debug|Any CPU
		{F1B62A8F-FD2A-40E4-904B-2C936455347A}.Debug|Any CPU.Build.0 = Debug|Any CPU
		{F1B62A8F-FD2A-40E4-904B-2C936455347A}.Release|Any CPU.ActiveCfg = Release|Any CPU
		{F1B62A8F-FD2A-40E4-904B-2C936455347A}.Release|Any CPU.Build.0 = Release|Any CPU
		{26C66FB0-FC8F-4AE3-9853-A1A7FF04590B}.Debug|Any CPU.ActiveCfg = Debug|Any CPU
		{26C66FB0-FC8F-4AE3-9853-A1A7FF04590B}.Debug|Any CPU.Build.0 = Debug|Any CPU
		{26C66FB0-FC8F-4AE3-9853-A1A7FF04590B}.Release|Any CPU.ActiveCfg = Release|Any CPU
		{26C66FB0-FC8F-4AE3-9853-A1A7FF04590B}.Release|Any CPU.Build.0 = Release|Any CPU
	EndGlobalSection
	GlobalSection(SolutionProperties) = preSolution
		HideSolutionNode = FALSE
	EndGlobalSection
	GlobalSection(ExtensibilityGlobals) = postSolution
		SolutionGuid = {BBD7D5F5-5A59-4FC7-AFFA-281799EF7E72}
	EndGlobalSection
EndGlobal
